
Microsoft Visual Studio Solution File, Format Version 12.00
# Visual Studio 14
VisualStudioVersion = 14.0.23107.0
MinimumVisualStudioVersion = 10.0.40219.1
Project("{FAE04EC0-301F-11D3-BF4B-00C04F79EFBC}") = "ServiceApp.WebApi", "ServiceApp.WebApi\ServiceApp.WebApi.csproj", "{37EB96E6-12AC-45D7-B9D7-DCB8ADFC16B7}"
EndProject
Project("{FAE04EC0-301F-11D3-BF4B-00C04F79EFBC}") = "ServiceApp.Domain", "ServiceApp.Domain\ServiceApp.Domain.csproj", "{ADCFEE18-98B6-4FD6-9F5D-86EE4B8ACC50}"
EndProject
Project("{FAE04EC0-301F-11D3-BF4B-00C04F79EFBC}") = "ServiceApp.Web", "ServiceApp.Web\ServiceApp.Web.csproj", "{FF32897C-9794-4683-B1AF-443C668D10EA}"
EndProject
Global
	GlobalSection(SolutionConfigurationPlatforms) = preSolution
		Debug|Any CPU = Debug|Any CPU
		Release|Any CPU = Release|Any CPU
	EndGlobalSection
	GlobalSection(ProjectConfigurationPlatforms) = postSolution
		{37EB96E6-12AC-45D7-B9D7-DCB8ADFC16B7}.Debug|Any CPU.ActiveCfg = Debug|Any CPU
		{37EB96E6-12AC-45D7-B9D7-DCB8ADFC16B7}.Debug|Any CPU.Build.0 = Debug|Any CPU
		{37EB96E6-12AC-45D7-B9D7-DCB8ADFC16B7}.Release|Any CPU.ActiveCfg = Release|Any CPU
		{37EB96E6-12AC-45D7-B9D7-DCB8ADFC16B7}.Release|Any CPU.Build.0 = Release|Any CPU
		{ADCFEE18-98B6-4FD6-9F5D-86EE4B8ACC50}.Debug|Any CPU.ActiveCfg = Debug|Any CPU
		{ADCFEE18-98B6-4FD6-9F5D-86EE4B8ACC50}.Debug|Any CPU.Build.0 = Debug|Any CPU
		{ADCFEE18-98B6-4FD6-9F5D-86EE4B8ACC50}.Release|Any CPU.ActiveCfg = Release|Any CPU
		{ADCFEE18-98B6-4FD6-9F5D-86EE4B8ACC50}.Release|Any CPU.Build.0 = Release|Any CPU
		{FF32897C-9794-4683-B1AF-443C668D10EA}.Debug|Any CPU.ActiveCfg = Debug|Any CPU
		{FF32897C-9794-4683-B1AF-443C668D10EA}.Debug|Any CPU.Build.0 = Debug|Any CPU
		{FF32897C-9794-4683-B1AF-443C668D10EA}.Release|Any CPU.ActiveCfg = Release|Any CPU
		{FF32897C-9794-4683-B1AF-443C668D10EA}.Release|Any CPU.Build.0 = Release|Any CPU
	EndGlobalSection
	GlobalSection(SolutionProperties) = preSolution
		HideSolutionNode = FALSE
	EndGlobalSection
EndGlobal
